
Microsoft Visual Studio Solution File, Format Version 12.00
# Visual Studio Version 16
VisualStudioVersion = 16.0.32126.315
MinimumVisualStudioVersion = 10.0.40219.1
Project("{9A19103F-16F7-4668-BE54-9A1E7A4F7556}") = "Exo01 - Utilisateur", "Exo01 - Utilisateur\Exo01 - Utilisateur.csproj", "{11B102F3-D055-4905-AB65-71F0557F47E0}"
EndProject
Project("{9A19103F-16F7-4668-BE54-9A1E7A4F7556}") = "Exo02 - UtilisateurAge", "Exo02 - UtilisateurAge\Exo02 - UtilisateurAge.csproj", "{2A781781-181B-4AA0-AABC-9DABE8898B5B}"
EndProject
Project("{9A19103F-16F7-4668-BE54-9A1E7A4F7556}") = "Exo03 - InversionValeur", "Exo03 - InversionValeur\Exo03 - InversionValeur.csproj", "{16323AC4-7D54-4338-B0C8-A5FFBCCF1830}"
EndProject
Project("{9A19103F-16F7-4668-BE54-9A1E7A4F7556}") = "Exo04 - PairImpair", "Exo04 - PairImpair\Exo04 - PairImpair.csproj", "{421A90AF-23C5-4808-9BCA-7C50A488ECED}"
EndProject
Project("{9A19103F-16F7-4668-BE54-9A1E7A4F7556}") = "Exo05 - PierrePapierCiseaux", "Exo05 - PierrePapierCiseaux\Exo05 - PierrePapierCiseaux.csproj", "{A128B24A-1091-47F1-99DD-FFDDAF98CFDD}"
EndProject
Project("{9A19103F-16F7-4668-BE54-9A1E7A4F7556}") = "Exo06-DivisionModuloDivisionEntiere", "Exo06-DivisionModuloDivisionEntiere\Exo06-DivisionModuloDivisionEntiere.csproj", "{B57C5B70-2758-4271-A607-6037AB5D8CFC}"
EndProject
Project("{9A19103F-16F7-4668-BE54-9A1E7A4F7556}") = "Exo07-BBAN", "Exo07-BBAN\Exo07-BBAN.csproj", "{EA584FAD-D8C6-4A5D-96DB-C922EFAA2ABC}"
EndProject
Project("{FAE04EC0-301F-11D3-BF4B-00C04F79EFBC}") = "Exo08 - IBAN", "Exo08 - IBAN\Exo08 - IBAN.csproj", "{8277116A-8863-4CAB-91FD-CC735A120F1E}"
EndProject
Project("{FAE04EC0-301F-11D3-BF4B-00C04F79EFBC}") = "Exo08 - Factoriel", "Exo08 - Factoriel\Exo08 - Factoriel.csproj", "{7681BC88-A773-4266-9E82-61ABABB2769E}"
EndProject
Global
	GlobalSection(SolutionConfigurationPlatforms) = preSolution
		Debug|Any CPU = Debug|Any CPU
		Release|Any CPU = Release|Any CPU
	EndGlobalSection
	GlobalSection(ProjectConfigurationPlatforms) = postSolution
		{11B102F3-D055-4905-AB65-71F0557F47E0}.Debug|Any CPU.ActiveCfg = Debug|Any CPU
		{11B102F3-D055-4905-AB65-71F0557F47E0}.Debug|Any CPU.Build.0 = Debug|Any CPU
		{11B102F3-D055-4905-AB65-71F0557F47E0}.Release|Any CPU.ActiveCfg = Release|Any CPU
		{11B102F3-D055-4905-AB65-71F0557F47E0}.Release|Any CPU.Build.0 = Release|Any CPU
		{2A781781-181B-4AA0-AABC-9DABE8898B5B}.Debug|Any CPU.ActiveCfg = Debug|Any CPU
		{2A781781-181B-4AA0-AABC-9DABE8898B5B}.Debug|Any CPU.Build.0 = Debug|Any CPU
		{2A781781-181B-4AA0-AABC-9DABE8898B5B}.Release|Any CPU.ActiveCfg = Release|Any CPU
		{2A781781-181B-4AA0-AABC-9DABE8898B5B}.Release|Any CPU.Build.0 = Release|Any CPU
		{16323AC4-7D54-4338-B0C8-A5FFBCCF1830}.Debug|Any CPU.ActiveCfg = Debug|Any CPU
		{16323AC4-7D54-4338-B0C8-A5FFBCCF1830}.Debug|Any CPU.Build.0 = Debug|Any CPU
		{16323AC4-7D54-4338-B0C8-A5FFBCCF1830}.Release|Any CPU.ActiveCfg = Release|Any CPU
		{16323AC4-7D54-4338-B0C8-A5FFBCCF1830}.Release|Any CPU.Build.0 = Release|Any CPU
		{421A90AF-23C5-4808-9BCA-7C50A488ECED}.Debug|Any CPU.ActiveCfg = Debug|Any CPU
		{421A90AF-23C5-4808-9BCA-7C50A488ECED}.Debug|Any CPU.Build.0 = Debug|Any CPU
		{421A90AF-23C5-4808-9BCA-7C50A488ECED}.Release|Any CPU.ActiveCfg = Release|Any CPU
		{421A90AF-23C5-4808-9BCA-7C50A488ECED}.Release|Any CPU.Build.0 = Release|Any CPU
		{A128B24A-1091-47F1-99DD-FFDDAF98CFDD}.Debug|Any CPU.ActiveCfg = Debug|Any CPU
		{A128B24A-1091-47F1-99DD-FFDDAF98CFDD}.Debug|Any CPU.Build.0 = Debug|Any CPU
		{A128B24A-1091-47F1-99DD-FFDDAF98CFDD}.Release|Any CPU.ActiveCfg = Release|Any CPU
		{A128B24A-1091-47F1-99DD-FFDDAF98CFDD}.Release|Any CPU.Build.0 = Release|Any CPU
		{B57C5B70-2758-4271-A607-6037AB5D8CFC}.Debug|Any CPU.ActiveCfg = Debug|Any CPU
		{B57C5B70-2758-4271-A607-6037AB5D8CFC}.Debug|Any CPU.Build.0 = Debug|Any CPU
		{B57C5B70-2758-4271-A607-6037AB5D8CFC}.Release|Any CPU.ActiveCfg = Release|Any CPU
		{B57C5B70-2758-4271-A607-6037AB5D8CFC}.Release|Any CPU.Build.0 = Release|Any CPU
		{EA584FAD-D8C6-4A5D-96DB-C922EFAA2ABC}.Debug|Any CPU.ActiveCfg = Debug|Any CPU
		{EA584FAD-D8C6-4A5D-96DB-C922EFAA2ABC}.Debug|Any CPU.Build.0 = Debug|Any CPU
		{EA584FAD-D8C6-4A5D-96DB-C922EFAA2ABC}.Release|Any CPU.ActiveCfg = Release|Any CPU
		{EA584FAD-D8C6-4A5D-96DB-C922EFAA2ABC}.Release|Any CPU.Build.0 = Release|Any CPU
		{8277116A-8863-4CAB-91FD-CC735A120F1E}.Debug|Any CPU.ActiveCfg = Debug|Any CPU
		{8277116A-8863-4CAB-91FD-CC735A120F1E}.Debug|Any CPU.Build.0 = Debug|Any CPU
		{8277116A-8863-4CAB-91FD-CC735A120F1E}.Release|Any CPU.ActiveCfg = Release|Any CPU
		{8277116A-8863-4CAB-91FD-CC735A120F1E}.Release|Any CPU.Build.0 = Release|Any CPU
		{7681BC88-A773-4266-9E82-61ABABB2769E}.Debug|Any CPU.ActiveCfg = Debug|Any CPU
		{7681BC88-A773-4266-9E82-61ABABB2769E}.Debug|Any CPU.Build.0 = Debug|Any CPU
		{7681BC88-A773-4266-9E82-61ABABB2769E}.Release|Any CPU.ActiveCfg = Release|Any CPU
		{7681BC88-A773-4266-9E82-61ABABB2769E}.Release|Any CPU.Build.0 = Release|Any CPU
	EndGlobalSection
	GlobalSection(SolutionProperties) = preSolution
		HideSolutionNode = FALSE
	EndGlobalSection
	GlobalSection(ExtensibilityGlobals) = postSolution
		SolutionGuid = {FB1A8BC9-2463-4F94-AAFA-7365276C67DF}
	EndGlobalSection
EndGlobal
